
Microsoft Visual Studio Solution File, Format Version 12.00
# Visual Studio Express 15 for Windows Desktop
VisualStudioVersion = 15.0.28307.852
MinimumVisualStudioVersion = 10.0.40219.1
Project("{FAE04EC0-301F-11D3-BF4B-00C04F79EFBC}") = "Практика 15.1", "Практика 15.1\Практика 15.1.csproj", "{7C51A0CB-356D-4F6A-A886-2C5FDD0F4F81}"
EndProject
Project("{FAE04EC0-301F-11D3-BF4B-00C04F79EFBC}") = "Практика 15.2", "Практика 5.2\Практика 15.2.csproj", "{256B32EA-35B0-4935-B60D-A6728CF81163}"
EndProject
Project("{FAE04EC0-301F-11D3-BF4B-00C04F79EFBC}") = "Практика 15.3", "Практика 5.3\Практика 15.3.csproj", "{DD5A3804-B44E-44B2-A9D8-F83D35DDA7A6}"
EndProject
Project("{FAE04EC0-301F-11D3-BF4B-00C04F79EFBC}") = "Практика 15.4", "Практика 15.4\Практика 15.4.csproj", "{9650F0D1-427A-4C97-B268-80DA4589C165}"
EndProject
Global
	GlobalSection(SolutionConfigurationPlatforms) = preSolution
		Debug|Any CPU = Debug|Any CPU
		Release|Any CPU = Release|Any CPU
	EndGlobalSection
	GlobalSection(ProjectConfigurationPlatforms) = postSolution
		{7C51A0CB-356D-4F6A-A886-2C5FDD0F4F81}.Debug|Any CPU.ActiveCfg = Debug|Any CPU
		{7C51A0CB-356D-4F6A-A886-2C5FDD0F4F81}.Debug|Any CPU.Build.0 = Debug|Any CPU
		{7C51A0CB-356D-4F6A-A886-2C5FDD0F4F81}.Release|Any CPU.ActiveCfg = Release|Any CPU
		{7C51A0CB-356D-4F6A-A886-2C5FDD0F4F81}.Release|Any CPU.Build.0 = Release|Any CPU
		{256B32EA-35B0-4935-B60D-A6728CF81163}.Debug|Any CPU.ActiveCfg = Debug|Any CPU
		{256B32EA-35B0-4935-B60D-A6728CF81163}.Debug|Any CPU.Build.0 = Debug|Any CPU
		{256B32EA-35B0-4935-B60D-A6728CF81163}.Release|Any CPU.ActiveCfg = Release|Any CPU
		{256B32EA-35B0-4935-B60D-A6728CF81163}.Release|Any CPU.Build.0 = Release|Any CPU
		{DD5A3804-B44E-44B2-A9D8-F83D35DDA7A6}.Debug|Any CPU.ActiveCfg = Debug|Any CPU
		{DD5A3804-B44E-44B2-A9D8-F83D35DDA7A6}.Debug|Any CPU.Build.0 = Debug|Any CPU
		{DD5A3804-B44E-44B2-A9D8-F83D35DDA7A6}.Release|Any CPU.ActiveCfg = Release|Any CPU
		{DD5A3804-B44E-44B2-A9D8-F83D35DDA7A6}.Release|Any CPU.Build.0 = Release|Any CPU
		{9650F0D1-427A-4C97-B268-80DA4589C165}.Debug|Any CPU.ActiveCfg = Debug|Any CPU
		{9650F0D1-427A-4C97-B268-80DA4589C165}.Debug|Any CPU.Build.0 = Debug|Any CPU
		{9650F0D1-427A-4C97-B268-80DA4589C165}.Release|Any CPU.ActiveCfg = Release|Any CPU
		{9650F0D1-427A-4C97-B268-80DA4589C165}.Release|Any CPU.Build.0 = Release|Any CPU
	EndGlobalSection
	GlobalSection(SolutionProperties) = preSolution
		HideSolutionNode = FALSE
	EndGlobalSection
	GlobalSection(ExtensibilityGlobals) = postSolution
		SolutionGuid = {5774F072-3EC1-4F5A-A5AD-7826E854C0CD}
	EndGlobalSection
EndGlobal
